
Microsoft Visual Studio Solution File, Format Version 12.00
# Visual Studio Version 17
VisualStudioVersion = 17.9.34902.65
MinimumVisualStudioVersion = 10.0.40219.1
Project("{FAE04EC0-301F-11D3-BF4B-00C04F79EFBC}") = "Task17.07.24", "Task17.07.24\Task17.07.24.csproj", "{8DE8AF36-707D-44D3-9C36-FA1FE730D06B}"
EndProject
Global
	GlobalSection(SolutionConfigurationPlatforms) = preSolution
		Debug|Any CPU = Debug|Any CPU
		Release|Any CPU = Release|Any CPU
	EndGlobalSection
	GlobalSection(ProjectConfigurationPlatforms) = postSolution
		{8DE8AF36-707D-44D3-9C36-FA1FE730D06B}.Debug|Any CPU.ActiveCfg = Debug|Any CPU
		{8DE8AF36-707D-44D3-9C36-FA1FE730D06B}.Debug|Any CPU.Build.0 = Debug|Any CPU
		{8DE8AF36-707D-44D3-9C36-FA1FE730D06B}.Release|Any CPU.ActiveCfg = Release|Any CPU
		{8DE8AF36-707D-44D3-9C36-FA1FE730D06B}.Release|Any CPU.Build.0 = Release|Any CPU
	EndGlobalSection
	GlobalSection(SolutionProperties) = preSolution
		HideSolutionNode = FALSE
	EndGlobalSection
	GlobalSection(ExtensibilityGlobals) = postSolution
		SolutionGuid = {32160697-4EDD-46E3-955A-04CC453B7BE8}
	EndGlobalSection
EndGlobal
